
Microsoft Visual Studio Solution File, Format Version 12.00
# Visual Studio Version 17
VisualStudioVersion = 17.5.33414.496
MinimumVisualStudioVersion = 10.0.40219.1
Project("{9A19103F-16F7-4668-BE54-9A1E7A4F7556}") = "Hydra.Presentation.Web", "src\Hydra.Presentation.Web\Hydra.Presentation.Web.csproj", "{A58C62B3-2C90-4903-A702-5F0DA4586323}"
EndProject
Project("{9A19103F-16F7-4668-BE54-9A1E7A4F7556}") = "Hydra.DataAccess", "src\Hydra.DataAccess\Hydra.DataAccess.csproj", "{BFA4F2D4-7065-452C-A19B-D71D49EA7B7E}"
EndProject
Project("{9A19103F-16F7-4668-BE54-9A1E7A4F7556}") = "Hydra.Business", "src\Hydra.Business\Hydra.Business.csproj", "{BEF71B5F-1AD3-4E17-A4CC-29740BFFEB36}"
EndProject
Global
	GlobalSection(SolutionConfigurationPlatforms) = preSolution
		Debug|Any CPU = Debug|Any CPU
		Release|Any CPU = Release|Any CPU
	EndGlobalSection
	GlobalSection(ProjectConfigurationPlatforms) = postSolution
		{A58C62B3-2C90-4903-A702-5F0DA4586323}.Debug|Any CPU.ActiveCfg = Debug|Any CPU
		{A58C62B3-2C90-4903-A702-5F0DA4586323}.Debug|Any CPU.Build.0 = Debug|Any CPU
		{A58C62B3-2C90-4903-A702-5F0DA4586323}.Release|Any CPU.ActiveCfg = Release|Any CPU
		{A58C62B3-2C90-4903-A702-5F0DA4586323}.Release|Any CPU.Build.0 = Release|Any CPU
		{BFA4F2D4-7065-452C-A19B-D71D49EA7B7E}.Debug|Any CPU.ActiveCfg = Debug|Any CPU
		{BFA4F2D4-7065-452C-A19B-D71D49EA7B7E}.Debug|Any CPU.Build.0 = Debug|Any CPU
		{BFA4F2D4-7065-452C-A19B-D71D49EA7B7E}.Release|Any CPU.ActiveCfg = Release|Any CPU
		{BFA4F2D4-7065-452C-A19B-D71D49EA7B7E}.Release|Any CPU.Build.0 = Release|Any CPU
		{BEF71B5F-1AD3-4E17-A4CC-29740BFFEB36}.Debug|Any CPU.ActiveCfg = Debug|Any CPU
		{BEF71B5F-1AD3-4E17-A4CC-29740BFFEB36}.Debug|Any CPU.Build.0 = Debug|Any CPU
		{BEF71B5F-1AD3-4E17-A4CC-29740BFFEB36}.Release|Any CPU.ActiveCfg = Release|Any CPU
		{BEF71B5F-1AD3-4E17-A4CC-29740BFFEB36}.Release|Any CPU.Build.0 = Release|Any CPU
	EndGlobalSection
	GlobalSection(SolutionProperties) = preSolution
		HideSolutionNode = FALSE
	EndGlobalSection
	GlobalSection(ExtensibilityGlobals) = postSolution
		SolutionGuid = {A1E4A1F8-32EF-4F19-B2B7-830EB55B82C8}
	EndGlobalSection
EndGlobal
